
Microsoft Visual Studio Solution File, Format Version 12.00
# Visual Studio Version 17
VisualStudioVersion = 17.8.34309.116
MinimumVisualStudioVersion = 10.0.40219.1
Project("{FAE04EC0-301F-11D3-BF4B-00C04F79EFBC}") = "Meat-Cleaver", "Meat-Cleaver.csproj", "{BA123233-4258-4AEE-AF3E-A152FA9B6D62}"
EndProject
Global
	GlobalSection(SolutionConfigurationPlatforms) = preSolution
		Debug|Any CPU = Debug|Any CPU
		Release|Any CPU = Release|Any CPU
	EndGlobalSection
	GlobalSection(ProjectConfigurationPlatforms) = postSolution
		{BA123233-4258-4AEE-AF3E-A152FA9B6D62}.Debug|Any CPU.ActiveCfg = Debug|Any CPU
		{BA123233-4258-4AEE-AF3E-A152FA9B6D62}.Debug|Any CPU.Build.0 = Debug|Any CPU
		{BA123233-4258-4AEE-AF3E-A152FA9B6D62}.Release|Any CPU.ActiveCfg = Release|Any CPU
		{BA123233-4258-4AEE-AF3E-A152FA9B6D62}.Release|Any CPU.Build.0 = Release|Any CPU
	EndGlobalSection
	GlobalSection(SolutionProperties) = preSolution
		HideSolutionNode = FALSE
	EndGlobalSection
	GlobalSection(ExtensibilityGlobals) = postSolution
		SolutionGuid = {BE8EE8FC-C5D9-4E2C-99AE-DAAE7588F6FE}
	EndGlobalSection
EndGlobal
